
Microsoft Visual Studio Solution File, Format Version 12.00
# Visual Studio Version 17
VisualStudioVersion = 17.11.35312.102
MinimumVisualStudioVersion = 10.0.40219.1
Project("{2150E333-8FDC-42A3-9474-1A3956D46DE8}") = "Task0", "Task0", "{987B38F8-C295-402F-9926-F3EC20B1D217}"
EndProject
Project("{9A19103F-16F7-4668-BE54-9A1E7A4F7556}") = "Tyuiu.RubankoGV.Sprint5.Task0.V2", "Tyuiu.RubankoGV.Sprint5.Task0.V2\Tyuiu.RubankoGV.Sprint5.Task0.V2.csproj", "{42C15154-A715-4A8E-97CD-BA18B23B1E5B}"
EndProject
Project("{9A19103F-16F7-4668-BE54-9A1E7A4F7556}") = "Tyuiu.RubankoGV.Sprint5.Task0.V2.Lib", "Tyuiu.RubankoGV.Sprint5.Task0.V2.Lib\Tyuiu.RubankoGV.Sprint5.Task0.V2.Lib.csproj", "{162BDDA8-C20C-4F05-8124-428E43084383}"
EndProject
Project("{9A19103F-16F7-4668-BE54-9A1E7A4F7556}") = "Tyuiu.RubankoGV.Sprint5.Task0.V2.Test", "Tyuiu.RubankoGV.Sprint5.Task0.V2.Test\Tyuiu.RubankoGV.Sprint5.Task0.V2.Test.csproj", "{7FB5FAB6-2AEC-41A4-B3FF-1BC49F9D3907}"
EndProject
Project("{2150E333-8FDC-42A3-9474-1A3956D46DE8}") = "Task1", "Task1", "{18B2529D-7644-455A-ABD8-6C6DB644DEAF}"
EndProject
Project("{9A19103F-16F7-4668-BE54-9A1E7A4F7556}") = "Tyuiu.RubankoGV.Sprint5.Task1.V19", "Tyuiu.RubankoGV.Sprint5.Task1.V19\Tyuiu.RubankoGV.Sprint5.Task1.V19.csproj", "{58135F8B-B6B0-46D0-B869-45388E537CD7}"
EndProject
Project("{9A19103F-16F7-4668-BE54-9A1E7A4F7556}") = "Tyuiu.RubankoGV.Sprint5.Task1.V19.Lib", "Tyuiu.RubankoGV.Sprint5.Task1.V19.Lib\Tyuiu.RubankoGV.Sprint5.Task1.V19.Lib.csproj", "{BBBCD936-F88F-446C-B72A-0A1BFA4122FA}"
EndProject
Project("{9A19103F-16F7-4668-BE54-9A1E7A4F7556}") = "Tyuiu.RubankoGV.Sprint5.Task1.V19.Test", "Tyuiu.RubankoGV.Sprint5.Task1.V19.Test\Tyuiu.RubankoGV.Sprint5.Task1.V19.Test.csproj", "{089C7EE9-B83E-4819-B9A4-C8F339FD8CFF}"
EndProject
Project("{2150E333-8FDC-42A3-9474-1A3956D46DE8}") = "Task2", "Task2", "{A16AAF4A-BFA6-4B1E-A194-DE556ABC48ED}"
EndProject
Project("{9A19103F-16F7-4668-BE54-9A1E7A4F7556}") = "Tyuiu.RubankoGV.Sprint5.Task2.V3", "Tyuiu.RubankoGV.Sprint5.Task2.V3\Tyuiu.RubankoGV.Sprint5.Task2.V3.csproj", "{214B062D-0709-49FC-B30F-39EAE95B06C4}"
EndProject
Project("{9A19103F-16F7-4668-BE54-9A1E7A4F7556}") = "Tyuiu.RubankoGV.Sprint5.Task2.V3.Lib", "Tyuiu.RubankoGV.Sprint5.Task2.V3.Lib\Tyuiu.RubankoGV.Sprint5.Task2.V3.Lib.csproj", "{4D476875-2D40-42DF-B53B-62B710F6CAF0}"
EndProject
Project("{9A19103F-16F7-4668-BE54-9A1E7A4F7556}") = "Tyuiu.RubankoGV.Sprint5.Task2.V3.Test", "Tyuiu.RubankoGV.Sprint5.Task2.V3.Test\Tyuiu.RubankoGV.Sprint5.Task2.V3.Test.csproj", "{4B82F2F6-4D44-4283-A118-B16B1A5AA82C}"
EndProject
Project("{2150E333-8FDC-42A3-9474-1A3956D46DE8}") = "Task3", "Task3", "{5A95458C-A361-4705-B90F-3D3970998AFB}"
EndProject
Project("{FAE04EC0-301F-11D3-BF4B-00C04F79EFBC}") = "Tyuiu.RubankoGV.Sprint5.Task3.V15", "Tyuiu.RubankoGV.Sprint5.Task3.V15\Tyuiu.RubankoGV.Sprint5.Task3.V15.csproj", "{31500CC9-438D-4272-A1C1-2ED13A1EA130}"
EndProject
Project("{FAE04EC0-301F-11D3-BF4B-00C04F79EFBC}") = "Tyuiu.RubankoGV.Sprint5.Task3.V15.Lib", "Tyuiu.RubankoGV.Sprint5.Task3.V15.Lib\Tyuiu.RubankoGV.Sprint5.Task3.V15.Lib.csproj", "{5FB0BA76-634A-4A29-946E-BDA9984BB833}"
EndProject
Project("{FAE04EC0-301F-11D3-BF4B-00C04F79EFBC}") = "Tyuiu.RubankoGV.Sprint5.Task3.V15.Test", "Tyuiu.RubankoGV.Sprint5.Task3.V15.Test\Tyuiu.RubankoGV.Sprint5.Task3.V15.Test.csproj", "{FF475DB5-1FFC-4CDE-BE21-D5FA35185D0D}"
EndProject
Project("{2150E333-8FDC-42A3-9474-1A3956D46DE8}") = "Task4", "Task4", "{D4DB3095-5E63-4AA6-B78A-07A09E24EEE5}"
EndProject
Project("{FAE04EC0-301F-11D3-BF4B-00C04F79EFBC}") = "Tyuiu.RubankoGV.Sprint5.Task4.V2", "Tyuiu.RubankoGV.Sprint5.Task4.V2\Tyuiu.RubankoGV.Sprint5.Task4.V2.csproj", "{F086963F-3907-481C-9179-1161CE0368E0}"
EndProject
Project("{FAE04EC0-301F-11D3-BF4B-00C04F79EFBC}") = "Tyuiu.RubankoGV.Sprint5.Task4.V2.Lib", "Tyuiu.RubankoGV.Sprint5.Task4.V2.Lib\Tyuiu.RubankoGV.Sprint5.Task4.V2.Lib.csproj", "{744617CB-E45E-4370-A0D2-A15F39586A65}"
EndProject
Project("{FAE04EC0-301F-11D3-BF4B-00C04F79EFBC}") = "Tyuiu.RubankoGV.Sprint5.Task4.V2.Test", "Tyuiu.RubankoGV.Sprint5.Task4.V2.Test\Tyuiu.RubankoGV.Sprint5.Task4.V2.Test.csproj", "{3FBE8EF8-B287-4099-8E24-3AFDB96FF754}"
EndProject
Project("{2150E333-8FDC-42A3-9474-1A3956D46DE8}") = "Task5", "Task5", "{51868039-6C0F-46A6-9268-53F33AB96B28}"
EndProject
Project("{FAE04EC0-301F-11D3-BF4B-00C04F79EFBC}") = "Tyuiu.RubankoGV.Sprint5.Task5.V4", "Tyuiu.RubankoGV.Sprint5.Task5.V4\Tyuiu.RubankoGV.Sprint5.Task5.V4.csproj", "{9877F98C-8BBC-41CA-80DD-8825E949043D}"
EndProject
Project("{FAE04EC0-301F-11D3-BF4B-00C04F79EFBC}") = "Tyuiu.RubankoGV.Sprint5.Task5.V4.Lib", "Tyuiu.RubankoGV.Sprint5.Task5.V4.Lib\Tyuiu.RubankoGV.Sprint5.Task5.V4.Lib.csproj", "{3899CFD8-6684-480D-A256-985644E5EF63}"
EndProject
Project("{FAE04EC0-301F-11D3-BF4B-00C04F79EFBC}") = "Tyuiu.RubankoGV.Sprint5.Task5.V4.Test", "Tyuiu.RubankoGV.Sprint5.Task5.V4.Test\Tyuiu.RubankoGV.Sprint5.Task5.V4.Test.csproj", "{C4ED0F00-B262-4EF9-8A22-B43BBF44C3EA}"
EndProject
Project("{2150E333-8FDC-42A3-9474-1A3956D46DE8}") = "Task6", "Task6", "{126C25FC-09FA-4299-8D17-600DDFA49857}"
EndProject
Project("{FAE04EC0-301F-11D3-BF4B-00C04F79EFBC}") = "Tyuiu.RubankoGV.Sprint5.Task6.V9", "Tyuiu.RubankoGV.Sprint5.Task6.V9\Tyuiu.RubankoGV.Sprint5.Task6.V9.csproj", "{5C3A3624-FDFA-4768-9E76-0E47852116ED}"
EndProject
Project("{FAE04EC0-301F-11D3-BF4B-00C04F79EFBC}") = "Tyuiu.RubankoGV.Sprint5.Task6.V9.Lib", "Tyuiu.RubankoGV.Sprint5.Task6.V9.Lib\Tyuiu.RubankoGV.Sprint5.Task6.V9.Lib.csproj", "{99C8B088-E2CA-4A2E-AA86-9440C45E84F3}"
EndProject
Project("{FAE04EC0-301F-11D3-BF4B-00C04F79EFBC}") = "Tyuiu.RubankoGV.Sprint5.Task6.V9.Test", "Tyuiu.RubankoGV.Sprint5.Task6.V9.Test\Tyuiu.RubankoGV.Sprint5.Task6.V9.Test.csproj", "{6155144B-DA8F-42F2-B190-40262596A27A}"
EndProject
Project("{2150E333-8FDC-42A3-9474-1A3956D46DE8}") = "Task7", "Task7", "{181D957F-2E45-4B40-99BE-F50EB87AB612}"
EndProject
Project("{FAE04EC0-301F-11D3-BF4B-00C04F79EFBC}") = "Tyuiu.RubankoGV.Sprint5.Task7.V29", "Tyuiu.RubankoGV.Sprint5.Task7.V29\Tyuiu.RubankoGV.Sprint5.Task7.V29.csproj", "{13F8F7F7-2DE6-406E-9E80-77EE787C8494}"
EndProject
Project("{FAE04EC0-301F-11D3-BF4B-00C04F79EFBC}") = "Tyuiu.RubankoGV.Sprint5.Task7.V29.Lib", "Tyuiu.RubankoGV.Sprint5.Task7.V29.Lib\Tyuiu.RubankoGV.Sprint5.Task7.V29.Lib.csproj", "{5356FFA8-4C2E-4D39-A47B-2A81BE2F974B}"
EndProject
Project("{FAE04EC0-301F-11D3-BF4B-00C04F79EFBC}") = "Tyuiu.RubankoGV.Sprint5.Task7.V29.Test", "Tyuiu.RubankoGV.Sprint5.Task7.V29.Test\Tyuiu.RubankoGV.Sprint5.Task7.V29.Test.csproj", "{678B2865-5059-4635-A695-C8DE090A7BF5}"
EndProject
Global
	GlobalSection(SolutionConfigurationPlatforms) = preSolution
		Debug|Any CPU = Debug|Any CPU
		Release|Any CPU = Release|Any CPU
	EndGlobalSection
	GlobalSection(ProjectConfigurationPlatforms) = postSolution
		{42C15154-A715-4A8E-97CD-BA18B23B1E5B}.Debug|Any CPU.ActiveCfg = Debug|Any CPU
		{42C15154-A715-4A8E-97CD-BA18B23B1E5B}.Debug|Any CPU.Build.0 = Debug|Any CPU
		{42C15154-A715-4A8E-97CD-BA18B23B1E5B}.Release|Any CPU.ActiveCfg = Release|Any CPU
		{42C15154-A715-4A8E-97CD-BA18B23B1E5B}.Release|Any CPU.Build.0 = Release|Any CPU
		{162BDDA8-C20C-4F05-8124-428E43084383}.Debug|Any CPU.ActiveCfg = Debug|Any CPU
		{162BDDA8-C20C-4F05-8124-428E43084383}.Debug|Any CPU.Build.0 = Debug|Any CPU
		{162BDDA8-C20C-4F05-8124-428E43084383}.Release|Any CPU.ActiveCfg = Release|Any CPU
		{162BDDA8-C20C-4F05-8124-428E43084383}.Release|Any CPU.Build.0 = Release|Any CPU
		{7FB5FAB6-2AEC-41A4-B3FF-1BC49F9D3907}.Debug|Any CPU.ActiveCfg = Debug|Any CPU
		{7FB5FAB6-2AEC-41A4-B3FF-1BC49F9D3907}.Debug|Any CPU.Build.0 = Debug|Any CPU
		{7FB5FAB6-2AEC-41A4-B3FF-1BC49F9D3907}.Release|Any CPU.ActiveCfg = Release|Any CPU
		{7FB5FAB6-2AEC-41A4-B3FF-1BC49F9D3907}.Release|Any CPU.Build.0 = Release|Any CPU
		{58135F8B-B6B0-46D0-B869-45388E537CD7}.Debug|Any CPU.ActiveCfg = Debug|Any CPU
		{58135F8B-B6B0-46D0-B869-45388E537CD7}.Debug|Any CPU.Build.0 = Debug|Any CPU
		{58135F8B-B6B0-46D0-B869-45388E537CD7}.Release|Any CPU.ActiveCfg = Release|Any CPU
		{58135F8B-B6B0-46D0-B869-45388E537CD7}.Release|Any CPU.Build.0 = Release|Any CPU
		{BBBCD936-F88F-446C-B72A-0A1BFA4122FA}.Debug|Any CPU.ActiveCfg = Debug|Any CPU
		{BBBCD936-F88F-446C-B72A-0A1BFA4122FA}.Debug|Any CPU.Build.0 = Debug|Any CPU
		{BBBCD936-F88F-446C-B72A-0A1BFA4122FA}.Release|Any CPU.ActiveCfg = Release|Any CPU
		{BBBCD936-F88F-446C-B72A-0A1BFA4122FA}.Release|Any CPU.Build.0 = Release|Any CPU
		{089C7EE9-B83E-4819-B9A4-C8F339FD8CFF}.Debug|Any CPU.ActiveCfg = Debug|Any CPU
		{089C7EE9-B83E-4819-B9A4-C8F339FD8CFF}.Debug|Any CPU.Build.0 = Debug|Any CPU
		{089C7EE9-B83E-4819-B9A4-C8F339FD8CFF}.Release|Any CPU.ActiveCfg = Release|Any CPU
		{089C7EE9-B83E-4819-B9A4-C8F339FD8CFF}.Release|Any CPU.Build.0 = Release|Any CPU
		{214B062D-0709-49FC-B30F-39EAE95B06C4}.Debug|Any CPU.ActiveCfg = Debug|Any CPU
		{214B062D-0709-49FC-B30F-39EAE95B06C4}.Debug|Any CPU.Build.0 = Debug|Any CPU
		{214B062D-0709-49FC-B30F-39EAE95B06C4}.Release|Any CPU.ActiveCfg = Release|Any CPU
		{214B062D-0709-49FC-B30F-39EAE95B06C4}.Release|Any CPU.Build.0 = Release|Any CPU
		{4D476875-2D40-42DF-B53B-62B710F6CAF0}.Debug|Any CPU.ActiveCfg = Debug|Any CPU
		{4D476875-2D40-42DF-B53B-62B710F6CAF0}.Debug|Any CPU.Build.0 = Debug|Any CPU
		{4D476875-2D40-42DF-B53B-62B710F6CAF0}.Release|Any CPU.ActiveCfg = Release|Any CPU
		{4D476875-2D40-42DF-B53B-62B710F6CAF0}.Release|Any CPU.Build.0 = Release|Any CPU
		{4B82F2F6-4D44-4283-A118-B16B1A5AA82C}.Debug|Any CPU.ActiveCfg = Debug|Any CPU
		{4B82F2F6-4D44-4283-A118-B16B1A5AA82C}.Debug|Any CPU.Build.0 = Debug|Any CPU
		{4B82F2F6-4D44-4283-A118-B16B1A5AA82C}.Release|Any CPU.ActiveCfg = Release|Any CPU
		{4B82F2F6-4D44-4283-A118-B16B1A5AA82C}.Release|Any CPU.Build.0 = Release|Any CPU
		{31500CC9-438D-4272-A1C1-2ED13A1EA130}.Debug|Any CPU.ActiveCfg = Debug|Any CPU
		{31500CC9-438D-4272-A1C1-2ED13A1EA130}.Debug|Any CPU.Build.0 = Debug|Any CPU
		{31500CC9-438D-4272-A1C1-2ED13A1EA130}.Release|Any CPU.ActiveCfg = Release|Any CPU
		{31500CC9-438D-4272-A1C1-2ED13A1EA130}.Release|Any CPU.Build.0 = Release|Any CPU
		{5FB0BA76-634A-4A29-946E-BDA9984BB833}.Debug|Any CPU.ActiveCfg = Debug|Any CPU
		{5FB0BA76-634A-4A29-946E-BDA9984BB833}.Debug|Any CPU.Build.0 = Debug|Any CPU
		{5FB0BA76-634A-4A29-946E-BDA9984BB833}.Release|Any CPU.ActiveCfg = Release|Any CPU
		{5FB0BA76-634A-4A29-946E-BDA9984BB833}.Release|Any CPU.Build.0 = Release|Any CPU
		{FF475DB5-1FFC-4CDE-BE21-D5FA35185D0D}.Debug|Any CPU.ActiveCfg = Debug|Any CPU
		{FF475DB5-1FFC-4CDE-BE21-D5FA35185D0D}.Debug|Any CPU.Build.0 = Debug|Any CPU
		{FF475DB5-1FFC-4CDE-BE21-D5FA35185D0D}.Release|Any CPU.ActiveCfg = Release|Any CPU
		{FF475DB5-1FFC-4CDE-BE21-D5FA35185D0D}.Release|Any CPU.Build.0 = Release|Any CPU
		{F086963F-3907-481C-9179-1161CE0368E0}.Debug|Any CPU.ActiveCfg = Debug|Any CPU
		{F086963F-3907-481C-9179-1161CE0368E0}.Debug|Any CPU.Build.0 = Debug|Any CPU
		{F086963F-3907-481C-9179-1161CE0368E0}.Release|Any CPU.ActiveCfg = Release|Any CPU
		{F086963F-3907-481C-9179-1161CE0368E0}.Release|Any CPU.Build.0 = Release|Any CPU
		{744617CB-E45E-4370-A0D2-A15F39586A65}.Debug|Any CPU.ActiveCfg = Debug|Any CPU
		{744617CB-E45E-4370-A0D2-A15F39586A65}.Debug|Any CPU.Build.0 = Debug|Any CPU
		{744617CB-E45E-4370-A0D2-A15F39586A65}.Release|Any CPU.ActiveCfg = Release|Any CPU
		{744617CB-E45E-4370-A0D2-A15F39586A65}.Release|Any CPU.Build.0 = Release|Any CPU
		{3FBE8EF8-B287-4099-8E24-3AFDB96FF754}.Debug|Any CPU.ActiveCfg = Debug|Any CPU
		{3FBE8EF8-B287-4099-8E24-3AFDB96FF754}.Debug|Any CPU.Build.0 = Debug|Any CPU
		{3FBE8EF8-B287-4099-8E24-3AFDB96FF754}.Release|Any CPU.ActiveCfg = Release|Any CPU
		{3FBE8EF8-B287-4099-8E24-3AFDB96FF754}.Release|Any CPU.Build.0 = Release|Any CPU
		{9877F98C-8BBC-41CA-80DD-8825E949043D}.Debug|Any CPU.ActiveCfg = Debug|Any CPU
		{9877F98C-8BBC-41CA-80DD-8825E949043D}.Debug|Any CPU.Build.0 = Debug|Any CPU
		{9877F98C-8BBC-41CA-80DD-8825E949043D}.Release|Any CPU.ActiveCfg = Release|Any CPU
		{9877F98C-8BBC-41CA-80DD-8825E949043D}.Release|Any CPU.Build.0 = Release|Any CPU
		{3899CFD8-6684-480D-A256-985644E5EF63}.Debug|Any CPU.ActiveCfg = Debug|Any CPU
		{3899CFD8-6684-480D-A256-985644E5EF63}.Debug|Any CPU.Build.0 = Debug|Any CPU
		{3899CFD8-6684-480D-A256-985644E5EF63}.Release|Any CPU.ActiveCfg = Release|Any CPU
		{3899CFD8-6684-480D-A256-985644E5EF63}.Release|Any CPU.Build.0 = Release|Any CPU
		{C4ED0F00-B262-4EF9-8A22-B43BBF44C3EA}.Debug|Any CPU.ActiveCfg = Debug|Any CPU
		{C4ED0F00-B262-4EF9-8A22-B43BBF44C3EA}.Debug|Any CPU.Build.0 = Debug|Any CPU
		{C4ED0F00-B262-4EF9-8A22-B43BBF44C3EA}.Release|Any CPU.ActiveCfg = Release|Any CPU
		{C4ED0F00-B262-4EF9-8A22-B43BBF44C3EA}.Release|Any CPU.Build.0 = Release|Any CPU
		{5C3A3624-FDFA-4768-9E76-0E47852116ED}.Debug|Any CPU.ActiveCfg = Debug|Any CPU
		{5C3A3624-FDFA-4768-9E76-0E47852116ED}.Debug|Any CPU.Build.0 = Debug|Any CPU
		{5C3A3624-FDFA-4768-9E76-0E47852116ED}.Release|Any CPU.ActiveCfg = Release|Any CPU
		{5C3A3624-FDFA-4768-9E76-0E47852116ED}.Release|Any CPU.Build.0 = Release|Any CPU
		{99C8B088-E2CA-4A2E-AA86-9440C45E84F3}.Debug|Any CPU.ActiveCfg = Debug|Any CPU
		{99C8B088-E2CA-4A2E-AA86-9440C45E84F3}.Debug|Any CPU.Build.0 = Debug|Any CPU
		{99C8B088-E2CA-4A2E-AA86-9440C45E84F3}.Release|Any CPU.ActiveCfg = Release|Any CPU
		{99C8B088-E2CA-4A2E-AA86-9440C45E84F3}.Release|Any CPU.Build.0 = Release|Any CPU
		{6155144B-DA8F-42F2-B190-40262596A27A}.Debug|Any CPU.ActiveCfg = Debug|Any CPU
		{6155144B-DA8F-42F2-B190-40262596A27A}.Debug|Any CPU.Build.0 = Debug|Any CPU
		{6155144B-DA8F-42F2-B190-40262596A27A}.Release|Any CPU.ActiveCfg = Release|Any CPU
		{6155144B-DA8F-42F2-B190-40262596A27A}.Release|Any CPU.Build.0 = Release|Any CPU
		{13F8F7F7-2DE6-406E-9E80-77EE787C8494}.Debug|Any CPU.ActiveCfg = Debug|Any CPU
		{13F8F7F7-2DE6-406E-9E80-77EE787C8494}.Debug|Any CPU.Build.0 = Debug|Any CPU
		{13F8F7F7-2DE6-406E-9E80-77EE787C8494}.Release|Any CPU.ActiveCfg = Release|Any CPU
		{13F8F7F7-2DE6-406E-9E80-77EE787C8494}.Release|Any CPU.Build.0 = Release|Any CPU
		{5356FFA8-4C2E-4D39-A47B-2A81BE2F974B}.Debug|Any CPU.ActiveCfg = Debug|Any CPU
		{5356FFA8-4C2E-4D39-A47B-2A81BE2F974B}.Debug|Any CPU.Build.0 = Debug|Any CPU
		{5356FFA8-4C2E-4D39-A47B-2A81BE2F974B}.Release|Any CPU.ActiveCfg = Release|Any CPU
		{5356FFA8-4C2E-4D39-A47B-2A81BE2F974B}.Release|Any CPU.Build.0 = Release|Any CPU
		{678B2865-5059-4635-A695-C8DE090A7BF5}.Debug|Any CPU.ActiveCfg = Debug|Any CPU
		{678B2865-5059-4635-A695-C8DE090A7BF5}.Debug|Any CPU.Build.0 = Debug|Any CPU
		{678B2865-5059-4635-A695-C8DE090A7BF5}.Release|Any CPU.ActiveCfg = Release|Any CPU
		{678B2865-5059-4635-A695-C8DE090A7BF5}.Release|Any CPU.Build.0 = Release|Any CPU
	EndGlobalSection
	GlobalSection(SolutionProperties) = preSolution
		HideSolutionNode = FALSE
	EndGlobalSection
	GlobalSection(NestedProjects) = preSolution
		{42C15154-A715-4A8E-97CD-BA18B23B1E5B} = {987B38F8-C295-402F-9926-F3EC20B1D217}
		{162BDDA8-C20C-4F05-8124-428E43084383} = {987B38F8-C295-402F-9926-F3EC20B1D217}
		{7FB5FAB6-2AEC-41A4-B3FF-1BC49F9D3907} = {987B38F8-C295-402F-9926-F3EC20B1D217}
		{58135F8B-B6B0-46D0-B869-45388E537CD7} = {18B2529D-7644-455A-ABD8-6C6DB644DEAF}
		{BBBCD936-F88F-446C-B72A-0A1BFA4122FA} = {18B2529D-7644-455A-ABD8-6C6DB644DEAF}
		{089C7EE9-B83E-4819-B9A4-C8F339FD8CFF} = {18B2529D-7644-455A-ABD8-6C6DB644DEAF}
		{214B062D-0709-49FC-B30F-39EAE95B06C4} = {A16AAF4A-BFA6-4B1E-A194-DE556ABC48ED}
		{4D476875-2D40-42DF-B53B-62B710F6CAF0} = {A16AAF4A-BFA6-4B1E-A194-DE556ABC48ED}
		{4B82F2F6-4D44-4283-A118-B16B1A5AA82C} = {A16AAF4A-BFA6-4B1E-A194-DE556ABC48ED}
		{31500CC9-438D-4272-A1C1-2ED13A1EA130} = {5A95458C-A361-4705-B90F-3D3970998AFB}
		{5FB0BA76-634A-4A29-946E-BDA9984BB833} = {5A95458C-A361-4705-B90F-3D3970998AFB}
		{FF475DB5-1FFC-4CDE-BE21-D5FA35185D0D} = {5A95458C-A361-4705-B90F-3D3970998AFB}
		{F086963F-3907-481C-9179-1161CE0368E0} = {D4DB3095-5E63-4AA6-B78A-07A09E24EEE5}
		{744617CB-E45E-4370-A0D2-A15F39586A65} = {D4DB3095-5E63-4AA6-B78A-07A09E24EEE5}
		{3FBE8EF8-B287-4099-8E24-3AFDB96FF754} = {D4DB3095-5E63-4AA6-B78A-07A09E24EEE5}
		{9877F98C-8BBC-41CA-80DD-8825E949043D} = {51868039-6C0F-46A6-9268-53F33AB96B28}
		{3899CFD8-6684-480D-A256-985644E5EF63} = {51868039-6C0F-46A6-9268-53F33AB96B28}
		{C4ED0F00-B262-4EF9-8A22-B43BBF44C3EA} = {51868039-6C0F-46A6-9268-53F33AB96B28}
		{5C3A3624-FDFA-4768-9E76-0E47852116ED} = {126C25FC-09FA-4299-8D17-600DDFA49857}
		{99C8B088-E2CA-4A2E-AA86-9440C45E84F3} = {126C25FC-09FA-4299-8D17-600DDFA49857}
		{6155144B-DA8F-42F2-B190-40262596A27A} = {126C25FC-09FA-4299-8D17-600DDFA49857}
		{13F8F7F7-2DE6-406E-9E80-77EE787C8494} = {181D957F-2E45-4B40-99BE-F50EB87AB612}
		{5356FFA8-4C2E-4D39-A47B-2A81BE2F974B} = {181D957F-2E45-4B40-99BE-F50EB87AB612}
		{678B2865-5059-4635-A695-C8DE090A7BF5} = {181D957F-2E45-4B40-99BE-F50EB87AB612}
	EndGlobalSection
	GlobalSection(ExtensibilityGlobals) = postSolution
		SolutionGuid = {0FFA366A-6B06-4800-80DE-77E6B65F11E8}
	EndGlobalSection
EndGlobal
